{
  "version": 4,
  "terraform_version": "1.3.7",
  "serial": 11,
  "lineage": "06e407ce-f936-288f-6726-ec7f127b6ed2",
  "outputs": {
    "web_app_url": {
      "value": "snakearnaudnic.azurewebsites.net",
      "type": "string"
    }
  },
  "resources": [
    {
      "mode": "managed",
      "type": "azurerm_mssql_database",
      "name": "gaming_1",
      "provider": "provider[\"registry.terraform.io/hashicorp/azurerm\"]",
      "instances": [
        {
          "schema_version": 1,
          "attributes": {
            "auto_pause_delay_in_minutes": 0,
            "collation": "SQL_Latin1_General_CP1_CI_AS",
            "create_mode": "Default",
            "creation_source_database_id": null,
            "elastic_pool_id": "",
            "geo_backup_enabled": true,
            "id": "/subscriptions/ca5f9d2f-dd34-435f-8724-850f99c6d2e5/resourceGroups/rg-gaming-001/providers/Microsoft.Sql/servers/vm-managerv2-an/databases/vm-databasev2-an",
            "import": [],
            "ledger_enabled": false,
            "license_type": "LicenseIncluded",
            "long_term_retention_policy": [
              {
                "monthly_retention": "PT0S",
                "week_of_year": 1,
                "weekly_retention": "PT0S",
                "yearly_retention": "PT0S"
              }
            ],
            "maintenance_configuration_name": "SQL_Default",
            "max_size_gb": 1,
            "min_capacity": 0,
            "name": "vm-databasev2-an",
            "read_replica_count": 0,
            "read_scale": false,
            "recover_database_id": null,
            "restore_dropped_database_id": null,
            "restore_point_in_time": null,
            "sample_name": null,
            "server_id": "/subscriptions/ca5f9d2f-dd34-435f-8724-850f99c6d2e5/resourceGroups/rg-gaming-001/providers/Microsoft.Sql/servers/vm-managerv2-an",
            "short_term_retention_policy": [
              {
                "backup_interval_in_hours": 24,
                "retention_days": 7
              }
            ],
            "sku_name": "S0",
            "storage_account_type": "Geo",
            "tags": null,
            "threat_detection_policy": [
              {
                "disabled_alerts": [],
                "email_account_admins": "Disabled",
                "email_addresses": [],
                "retention_days": 0,
                "state": "Disabled",
                "storage_account_access_key": "",
                "storage_endpoint": ""
              }
            ],
            "timeouts": null,
            "transparent_data_encryption_enabled": true,
            "zone_redundant": false
          },
          "sensitive_attributes": [],
          "private": "eyJlMmJmYjczMC1lY2FhLTExZTYtOGY4OC0zNDM2M2JjN2M0YzAiOnsiY3JlYXRlIjozNjAwMDAwMDAwMDAwLCJkZWxldGUiOjM2MDAwMDAwMDAwMDAsInJlYWQiOjMwMDAwMDAwMDAwMCwidXBkYXRlIjozNjAwMDAwMDAwMDAwfSwic2NoZW1hX3ZlcnNpb24iOiIxIn0=",
          "dependencies": [
            "azurerm_mssql_server.gaming_1",
            "azurerm_resource_group.gaming_1"
          ]
        }
      ]
    },
    {
      "mode": "managed",
      "type": "azurerm_mssql_server",
      "name": "gaming_1",
      "provider": "provider[\"registry.terraform.io/hashicorp/azurerm\"]",
      "instances": [
        {
          "schema_version": 0,
          "attributes": {
            "administrator_login": "dodv2o",
            "administrator_login_password": "4-v3ry-53cr37-p455w0rd",
            "azuread_administrator": [],
            "connection_policy": "Default",
            "fully_qualified_domain_name": "vm-managerv2-an.database.windows.net",
            "id": "/subscriptions/ca5f9d2f-dd34-435f-8724-850f99c6d2e5/resourceGroups/rg-gaming-001/providers/Microsoft.Sql/servers/vm-managerv2-an",
            "identity": [],
            "location": "francecentral",
            "minimum_tls_version": "1.2",
            "name": "vm-managerv2-an",
            "outbound_network_restriction_enabled": false,
            "primary_user_assigned_identity_id": "",
            "public_network_access_enabled": true,
            "resource_group_name": "rg-gaming-001",
            "restorable_dropped_database_ids": [],
            "tags": null,
            "timeouts": null,
            "version": "12.0"
          },
          "sensitive_attributes": [],
          "private": "eyJlMmJmYjczMC1lY2FhLTExZTYtOGY4OC0zNDM2M2JjN2M0YzAiOnsiY3JlYXRlIjozNjAwMDAwMDAwMDAwLCJkZWxldGUiOjM2MDAwMDAwMDAwMDAsInJlYWQiOjMwMDAwMDAwMDAwMCwidXBkYXRlIjozNjAwMDAwMDAwMDAwfX0=",
          "dependencies": [
            "azurerm_resource_group.gaming_1"
          ]
        }
      ]
    },
    {
      "mode": "managed",
      "type": "azurerm_resource_group",
      "name": "gaming_1",
      "provider": "provider[\"registry.terraform.io/hashicorp/azurerm\"]",
      "instances": [
        {
          "schema_version": 0,
          "attributes": {
            "id": "/subscriptions/ca5f9d2f-dd34-435f-8724-850f99c6d2e5/resourceGroups/rg-gaming-001",
            "location": "francecentral",
            "name": "rg-gaming-001",
            "tags": {},
            "timeouts": null
          },
          "sensitive_attributes": [],
          "private": "eyJlMmJmYjczMC1lY2FhLTExZTYtOGY4OC0zNDM2M2JjN2M0YzAiOnsiY3JlYXRlIjo1NDAwMDAwMDAwMDAwLCJkZWxldGUiOjU0MDAwMDAwMDAwMDAsInJlYWQiOjMwMDAwMDAwMDAwMCwidXBkYXRlIjo1NDAwMDAwMDAwMDAwfX0="
        }
      ]
    },
    {
      "mode": "managed",
      "type": "azurerm_service_plan",
      "name": "gaming_1",
      "provider": "provider[\"registry.terraform.io/hashicorp/azurerm\"]",
      "instances": [
        {
          "schema_version": 0,
          "attributes": {
            "app_service_environment_id": "",
            "id": "/subscriptions/ca5f9d2f-dd34-435f-8724-850f99c6d2e5/resourceGroups/rg-gaming-001/providers/Microsoft.Web/serverfarms/asp-gaming-002",
            "kind": "app",
            "location": "francecentral",
            "maximum_elastic_worker_count": 1,
            "name": "asp-gaming-002",
            "os_type": "Windows",
            "per_site_scaling_enabled": false,
            "reserved": false,
            "resource_group_name": "rg-gaming-001",
            "sku_name": "B1",
            "tags": {},
            "timeouts": null,
            "worker_count": 1,
            "zone_balancing_enabled": false
          },
          "sensitive_attributes": [],
          "private": "eyJlMmJmYjczMC1lY2FhLTExZTYtOGY4OC0zNDM2M2JjN2M0YzAiOnsiY3JlYXRlIjozNjAwMDAwMDAwMDAwLCJkZWxldGUiOjM2MDAwMDAwMDAwMDAsInJlYWQiOjMwMDAwMDAwMDAwMCwidXBkYXRlIjozNjAwMDAwMDAwMDAwfX0=",
          "dependencies": [
            "azurerm_resource_group.gaming_1"
          ]
        }
      ]
    },
    {
      "mode": "managed",
      "type": "azurerm_sql_firewall_rule",
      "name": "gaming_1",
      "provider": "provider[\"registry.terraform.io/hashicorp/azurerm\"]",
      "instances": [
        {
          "schema_version": 0,
          "attributes": {
            "end_ip_address": "0.0.0.0",
            "id": "/subscriptions/ca5f9d2f-dd34-435f-8724-850f99c6d2e5/resourceGroups/rg-gaming-001/providers/Microsoft.Sql/servers/vm-managerv2-an/firewallRules/FirewallRule1",
            "name": "FirewallRule1",
            "resource_group_name": "rg-gaming-001",
            "server_name": "vm-managerv2-an",
            "start_ip_address": "0.0.0.0",
            "timeouts": null
          },
          "sensitive_attributes": [],
          "private": "eyJlMmJmYjczMC1lY2FhLTExZTYtOGY4OC0zNDM2M2JjN2M0YzAiOnsiY3JlYXRlIjoxODAwMDAwMDAwMDAwLCJkZWxldGUiOjE4MDAwMDAwMDAwMDAsInJlYWQiOjMwMDAwMDAwMDAwMCwidXBkYXRlIjoxODAwMDAwMDAwMDAwfX0=",
          "dependencies": [
            "azurerm_mssql_server.gaming_1",
            "azurerm_resource_group.gaming_1"
          ]
        }
      ]
    },
    {
      "mode": "managed",
      "type": "azurerm_windows_web_app",
      "name": "gaming_1",
      "provider": "provider[\"registry.terraform.io/hashicorp/azurerm\"]",
      "instances": [
        {
          "schema_version": 0,
          "attributes": {
            "app_settings": null,
            "auth_settings": [
              {
                "active_directory": [],
                "additional_login_parameters": {},
                "allowed_external_redirect_urls": [],
                "default_provider": "",
                "enabled": false,
                "facebook": [],
                "github": [],
                "google": [],
                "issuer": "",
                "microsoft": [],
                "runtime_version": "",
                "token_refresh_extension_hours": 0,
                "token_store_enabled": false,
                "twitter": [],
                "unauthenticated_client_action": ""
              }
            ],
            "backup": [],
            "client_affinity_enabled": false,
            "client_certificate_enabled": false,
            "client_certificate_exclusion_paths": "",
            "client_certificate_mode": "Required",
            "connection_string": [],
            "custom_domain_verification_id": "3DCC6A17BEDEB4EC8A43113A7DEDD487FB5AAD58C0E4F2BF062CD3A71427B41A",
            "default_hostname": "snakearnaudnic.azurewebsites.net",
            "enabled": true,
            "https_only": false,
            "id": "/subscriptions/ca5f9d2f-dd34-435f-8724-850f99c6d2e5/resourceGroups/rg-gaming-001/providers/Microsoft.Web/sites/SnakeArnaudNic",
            "identity": [],
            "key_vault_reference_identity_id": "SystemAssigned",
            "kind": "app",
            "location": "francecentral",
            "logs": [],
            "name": "SnakeArnaudNic",
            "outbound_ip_address_list": [
              "20.74.71.192",
              "20.74.78.150",
              "20.74.42.48",
              "20.74.47.48",
              "20.74.113.20",
              "20.74.114.6",
              "20.111.1.4"
            ],
            "outbound_ip_addresses": "20.74.71.192,20.74.78.150,20.74.42.48,20.74.47.48,20.74.113.20,20.74.114.6,20.111.1.4",
            "possible_outbound_ip_address_list": [
              "20.74.71.192",
              "20.74.78.150",
              "20.74.42.48",
              "20.74.47.48",
              "20.74.113.20",
              "20.74.114.6",
              "20.74.114.213",
              "20.74.115.57",
              "20.74.116.33",
              "20.74.116.76",
              "20.74.116.198",
              "20.74.118.123",
              "20.74.119.18",
              "20.74.119.178",
              "20.19.104.219",
              "20.19.106.154",
              "20.19.107.173",
              "20.19.107.208",
              "20.19.107.213",
              "20.19.107.239",
              "20.19.107.254",
              "20.19.108.3",
              "20.19.108.4",
              "20.19.108.19",
              "20.19.108.34",
              "20.74.42.219",
              "20.19.108.53",
              "20.74.47.253",
              "20.19.108.88",
              "20.19.108.98",
              "20.111.1.4"
            ],
            "possible_outbound_ip_addresses": "20.74.71.192,20.74.78.150,20.74.42.48,20.74.47.48,20.74.113.20,20.74.114.6,20.74.114.213,20.74.115.57,20.74.116.33,20.74.116.76,20.74.116.198,20.74.118.123,20.74.119.18,20.74.119.178,20.19.104.219,20.19.106.154,20.19.107.173,20.19.107.208,20.19.107.213,20.19.107.239,20.19.107.254,20.19.108.3,20.19.108.4,20.19.108.19,20.19.108.34,20.74.42.219,20.19.108.53,20.74.47.253,20.19.108.88,20.19.108.98,20.111.1.4",
            "resource_group_name": "rg-gaming-001",
            "service_plan_id": "/subscriptions/ca5f9d2f-dd34-435f-8724-850f99c6d2e5/resourceGroups/rg-gaming-001/providers/Microsoft.Web/serverfarms/asp-gaming-002",
            "site_config": [
              {
                "always_on": true,
                "api_definition_url": "",
                "api_management_api_id": "",
                "app_command_line": "",
                "application_stack": [
                  {
                    "current_stack": "dotnet",
                    "docker_container_name": "",
                    "docker_container_registry": "",
                    "docker_container_tag": "",
                    "dotnet_core_version": "",
                    "dotnet_version": "v7.0",
                    "java_container": "",
                    "java_container_version": "",
                    "java_embedded_server_enabled": false,
                    "java_version": "",
                    "node_version": "",
                    "php_version": "5.6",
                    "python": false,
                    "python_version": "",
                    "tomcat_version": ""
                  }
                ],
                "auto_heal_enabled": false,
                "auto_heal_setting": [],
                "container_registry_managed_identity_client_id": "",
                "container_registry_use_managed_identity": false,
                "cors": [],
                "default_documents": [
                  "Default.htm",
                  "Default.html",
                  "Default.asp",
                  "index.htm",
                  "index.html",
                  "iisstart.htm",
                  "default.aspx",
                  "index.php",
                  "hostingstart.html"
                ],
                "detailed_error_logging_enabled": false,
                "ftps_state": "Disabled",
                "health_check_eviction_time_in_min": 0,
                "health_check_path": "",
                "http2_enabled": false,
                "ip_restriction": [],
                "linux_fx_version": "",
                "load_balancing_mode": "LeastRequests",
                "local_mysql_enabled": false,
                "managed_pipeline_mode": "Integrated",
                "minimum_tls_version": "1.2",
                "remote_debugging_enabled": false,
                "remote_debugging_version": "VS2019",
                "scm_ip_restriction": [],
                "scm_minimum_tls_version": "1.2",
                "scm_type": "None",
                "scm_use_main_ip_restriction": false,
                "use_32_bit_worker": true,
                "virtual_application": [],
                "vnet_route_all_enabled": false,
                "websockets_enabled": false,
                "windows_fx_version": "",
                "worker_count": 1
              }
            ],
            "site_credential": [
              {
                "name": "$SnakeArnaudNic",
                "password": "fltbSvWXFEFkhahD1mMbeoRugjDBcrRqHEDad4ehLNubRio3AFjFWTTstRdq"
              }
            ],
            "sticky_settings": [],
            "storage_account": [],
            "tags": null,
            "timeouts": null,
            "virtual_network_subnet_id": "",
            "zip_deploy_file": ""
          },
          "sensitive_attributes": [],
          "private": "eyJlMmJmYjczMC1lY2FhLTExZTYtOGY4OC0zNDM2M2JjN2M0YzAiOnsiY3JlYXRlIjoxODAwMDAwMDAwMDAwLCJkZWxldGUiOjE4MDAwMDAwMDAwMDAsInJlYWQiOjMwMDAwMDAwMDAwMCwidXBkYXRlIjoxODAwMDAwMDAwMDAwfX0=",
          "dependencies": [
            "azurerm_resource_group.gaming_1",
            "azurerm_service_plan.gaming_1"
          ]
        }
      ]
    }
  ],
  "check_results": null
}
